
Microsoft Visual Studio Solution File, Format Version 12.00
# Visual Studio 14
VisualStudioVersion = 14.0.24720.0
MinimumVisualStudioVersion = 10.0.40219.1
Project("{FAE04EC0-301F-11D3-BF4B-00C04F79EFBC}") = "MoeLib", "MoeLib\MoeLib.csproj", "{03528BB2-032E-486F-BCD0-EA8B69C477DC}"
EndProject
Project("{FAE04EC0-301F-11D3-BF4B-00C04F79EFBC}") = "MoeLibLab", "MoeLibLab\MoeLibLab.csproj", "{4223B008-AEE8-4F29-9F96-23DF71882D3A}"
EndProject
Project("{FAE04EC0-301F-11D3-BF4B-00C04F79EFBC}") = "MoeLib.Jinyinmao", "MoeLib.Jinyinmao\MoeLib.Jinyinmao.csproj", "{67CDCF1A-50DF-469A-A37F-CCB059151EC3}"
EndProject
Project("{FAE04EC0-301F-11D3-BF4B-00C04F79EFBC}") = "MoeLib.Data", "MoeLib.Data\MoeLib.Data.csproj", "{FF908604-907C-4987-A459-38F4DAA77D43}"
EndProject
Project("{FAE04EC0-301F-11D3-BF4B-00C04F79EFBC}") = "MoeLib.Jinyinmao.Azure", "MoeLib.Jinyinmao.Azure\MoeLib.Jinyinmao.Azure.csproj", "{A0F7F1DF-316C-42CC-B036-145F16022C8E}"
EndProject
Project("{FAE04EC0-301F-11D3-BF4B-00C04F79EFBC}") = "MoeLib.Web", "MoeLib.Web\MoeLib.Web.csproj", "{32A3CD73-5CE1-4F10-BF56-8C472B3C882D}"
EndProject
Project("{FAE04EC0-301F-11D3-BF4B-00C04F79EFBC}") = "MoeLib.Diagnostics", "MoeLib.Diagnostics\MoeLib.Diagnostics.csproj", "{898E4B30-9475-43E4-AD53-393C480654FE}"
EndProject
Project("{FAE04EC0-301F-11D3-BF4B-00C04F79EFBC}") = "MoeLibWebLab", "MoeLibWebLab\MoeLibWebLab.csproj", "{1B85374C-4594-4F42-AFE0-A074D22298B9}"
EndProject
Project("{FAE04EC0-301F-11D3-BF4B-00C04F79EFBC}") = "MoeLib.Jinyinmao.Web", "MoeLib.Jinyinmao.Web\MoeLib.Jinyinmao.Web.csproj", "{0C319208-DF3A-4BDF-9662-20985F7D2FE5}"
EndProject
Project("{CC5FD16D-436D-48AD-A40C-5A424C6E3E79}") = "MoeLibAzureCloudServiceLab", "MoeLibAzureCloudServiceLab\MoeLibAzureCloudServiceLab.ccproj", "{B834D6C2-EBE2-4292-B449-062A4CB63F02}"
EndProject
Project("{FAE04EC0-301F-11D3-BF4B-00C04F79EFBC}") = "MoeLibOrleansLabSiloHost", "MoeLibOrleansLabSiloHost\MoeLibOrleansLabSiloHost.csproj", "{E8C96284-33E5-40CE-A6FE-D9CBA7E899BE}"
EndProject
Project("{FAE04EC0-301F-11D3-BF4B-00C04F79EFBC}") = "MoeLibOrleansLabGrains", "MoeLibOrleansLabGrains\MoeLibOrleansLabGrains.csproj", "{8C97E3E5-B692-4896-AC45-9E01E877CD87}"
EndProject
Project("{FAE04EC0-301F-11D3-BF4B-00C04F79EFBC}") = "MoeLibOrleansLabIGrain", "MoeLibOrleansLabIGrain\MoeLibOrleansLabIGrain.csproj", "{1ACEEDE2-DDE4-46D8-A41C-ED13B9616636}"
EndProject
Project("{FAE04EC0-301F-11D3-BF4B-00C04F79EFBC}") = "MoeLibOrleansLabWebClient", "MoeLibOrleansLabWebClient\MoeLibOrleansLabWebClient.csproj", "{AB0DA618-438D-403A-A12E-18895E375B54}"
EndProject
Project("{2150E333-8FDC-42A3-9474-1A3956D46DE8}") = "04 - OrleansLab", "04 - OrleansLab", "{912E6247-A929-445B-B563-F14A9AF3E388}"
EndProject
Project("{2150E333-8FDC-42A3-9474-1A3956D46DE8}") = "03 - WebLab", "03 - WebLab", "{2FC7C249-BF06-4100-9A53-A13F34ED891A}"
EndProject
Project("{2150E333-8FDC-42A3-9474-1A3956D46DE8}") = "02 - ConsoleLab", "02 - ConsoleLab", "{7BE62472-ABBA-4DAF-A4A7-8F918E2616E8}"
EndProject
Project("{2150E333-8FDC-42A3-9474-1A3956D46DE8}") = "00 - Framework", "00 - Framework", "{2C1B7D13-4233-43B2-8045-BF95FE584171}"
EndProject
Project("{2150E333-8FDC-42A3-9474-1A3956D46DE8}") = "01 - Jinyinmao", "01 - Jinyinmao", "{7FBF66ED-63A7-4F6E-9EEB-0A4D0D699BBC}"
EndProject
Project("{FAE04EC0-301F-11D3-BF4B-00C04F79EFBC}") = "MoeLib.Orleans", "MoeLib.Orleans\MoeLib.Orleans.csproj", "{97F3F00E-B650-481F-A4F6-A8BB419FDEFB}"
EndProject
Project("{FAE04EC0-301F-11D3-BF4B-00C04F79EFBC}") = "MoeLib.Jinyinmao.Orleans", "MoeLib.Jinyinmao.Orleans\MoeLib.Jinyinmao.Orleans.csproj", "{EFD330CA-D6F3-4C8A-81DD-F47CCC4DFC6A}"
EndProject
Project("{FAE04EC0-301F-11D3-BF4B-00C04F79EFBC}") = "MoeLibMvcWebLab", "MoeLibMvcWebLab\MoeLibMvcWebLab.csproj", "{FF9533C3-9376-444F-A61B-C4A0D78C093D}"
EndProject
Project("{FAE04EC0-301F-11D3-BF4B-00C04F79EFBC}") = "MoeLib.Jinyinmao.Mvc", "MoeLib.Jinyinmao.Mvc\MoeLib.Jinyinmao.Mvc.csproj", "{CD0D8839-9BD6-4778-B7A9-4F4E471A1CC3}"
EndProject
Project("{FAE04EC0-301F-11D3-BF4B-00C04F79EFBC}") = "MoeLibNuGetLab", "MoeLibNuGetLab\MoeLibNuGetLab.csproj", "{C3E44734-BF97-4178-9A96-FA839939285C}"
EndProject
Global
	GlobalSection(SolutionConfigurationPlatforms) = preSolution
		Debug|Any CPU = Debug|Any CPU
		Release|Any CPU = Release|Any CPU
	EndGlobalSection
	GlobalSection(ProjectConfigurationPlatforms) = postSolution
		{03528BB2-032E-486F-BCD0-EA8B69C477DC}.Debug|Any CPU.ActiveCfg = Debug|Any CPU
		{03528BB2-032E-486F-BCD0-EA8B69C477DC}.Debug|Any CPU.Build.0 = Debug|Any CPU
		{03528BB2-032E-486F-BCD0-EA8B69C477DC}.Release|Any CPU.ActiveCfg = Release|Any CPU
		{03528BB2-032E-486F-BCD0-EA8B69C477DC}.Release|Any CPU.Build.0 = Release|Any CPU
		{4223B008-AEE8-4F29-9F96-23DF71882D3A}.Debug|Any CPU.ActiveCfg = Debug|Any CPU
		{4223B008-AEE8-4F29-9F96-23DF71882D3A}.Debug|Any CPU.Build.0 = Debug|Any CPU
		{4223B008-AEE8-4F29-9F96-23DF71882D3A}.Release|Any CPU.ActiveCfg = Release|Any CPU
		{4223B008-AEE8-4F29-9F96-23DF71882D3A}.Release|Any CPU.Build.0 = Release|Any CPU
		{67CDCF1A-50DF-469A-A37F-CCB059151EC3}.Debug|Any CPU.ActiveCfg = Debug|Any CPU
		{67CDCF1A-50DF-469A-A37F-CCB059151EC3}.Debug|Any CPU.Build.0 = Debug|Any CPU
		{67CDCF1A-50DF-469A-A37F-CCB059151EC3}.Release|Any CPU.ActiveCfg = Release|Any CPU
		{67CDCF1A-50DF-469A-A37F-CCB059151EC3}.Release|Any CPU.Build.0 = Release|Any CPU
		{FF908604-907C-4987-A459-38F4DAA77D43}.Debug|Any CPU.ActiveCfg = Debug|Any CPU
		{FF908604-907C-4987-A459-38F4DAA77D43}.Debug|Any CPU.Build.0 = Debug|Any CPU
		{FF908604-907C-4987-A459-38F4DAA77D43}.Release|Any CPU.ActiveCfg = Release|Any CPU
		{FF908604-907C-4987-A459-38F4DAA77D43}.Release|Any CPU.Build.0 = Release|Any CPU
		{A0F7F1DF-316C-42CC-B036-145F16022C8E}.Debug|Any CPU.ActiveCfg = Debug|Any CPU
		{A0F7F1DF-316C-42CC-B036-145F16022C8E}.Debug|Any CPU.Build.0 = Debug|Any CPU
		{A0F7F1DF-316C-42CC-B036-145F16022C8E}.Release|Any CPU.ActiveCfg = Release|Any CPU
		{A0F7F1DF-316C-42CC-B036-145F16022C8E}.Release|Any CPU.Build.0 = Release|Any CPU
		{32A3CD73-5CE1-4F10-BF56-8C472B3C882D}.Debug|Any CPU.ActiveCfg = Debug|Any CPU
		{32A3CD73-5CE1-4F10-BF56-8C472B3C882D}.Debug|Any CPU.Build.0 = Debug|Any CPU
		{32A3CD73-5CE1-4F10-BF56-8C472B3C882D}.Release|Any CPU.ActiveCfg = Release|Any CPU
		{32A3CD73-5CE1-4F10-BF56-8C472B3C882D}.Release|Any CPU.Build.0 = Release|Any CPU
		{898E4B30-9475-43E4-AD53-393C480654FE}.Debug|Any CPU.ActiveCfg = Debug|Any CPU
		{898E4B30-9475-43E4-AD53-393C480654FE}.Debug|Any CPU.Build.0 = Debug|Any CPU
		{898E4B30-9475-43E4-AD53-393C480654FE}.Release|Any CPU.ActiveCfg = Release|Any CPU
		{898E4B30-9475-43E4-AD53-393C480654FE}.Release|Any CPU.Build.0 = Release|Any CPU
		{1B85374C-4594-4F42-AFE0-A074D22298B9}.Debug|Any CPU.ActiveCfg = Debug|Any CPU
		{1B85374C-4594-4F42-AFE0-A074D22298B9}.Debug|Any CPU.Build.0 = Debug|Any CPU
		{1B85374C-4594-4F42-AFE0-A074D22298B9}.Release|Any CPU.ActiveCfg = Release|Any CPU
		{1B85374C-4594-4F42-AFE0-A074D22298B9}.Release|Any CPU.Build.0 = Release|Any CPU
		{0C319208-DF3A-4BDF-9662-20985F7D2FE5}.Debug|Any CPU.ActiveCfg = Debug|Any CPU
		{0C319208-DF3A-4BDF-9662-20985F7D2FE5}.Debug|Any CPU.Build.0 = Debug|Any CPU
		{0C319208-DF3A-4BDF-9662-20985F7D2FE5}.Release|Any CPU.ActiveCfg = Release|Any CPU
		{0C319208-DF3A-4BDF-9662-20985F7D2FE5}.Release|Any CPU.Build.0 = Release|Any CPU
		{B834D6C2-EBE2-4292-B449-062A4CB63F02}.Debug|Any CPU.ActiveCfg = Debug|Any CPU
		{B834D6C2-EBE2-4292-B449-062A4CB63F02}.Debug|Any CPU.Build.0 = Debug|Any CPU
		{B834D6C2-EBE2-4292-B449-062A4CB63F02}.Release|Any CPU.ActiveCfg = Release|Any CPU
		{B834D6C2-EBE2-4292-B449-062A4CB63F02}.Release|Any CPU.Build.0 = Release|Any CPU
		{E8C96284-33E5-40CE-A6FE-D9CBA7E899BE}.Debug|Any CPU.ActiveCfg = Debug|Any CPU
		{E8C96284-33E5-40CE-A6FE-D9CBA7E899BE}.Debug|Any CPU.Build.0 = Debug|Any CPU
		{E8C96284-33E5-40CE-A6FE-D9CBA7E899BE}.Release|Any CPU.ActiveCfg = Release|Any CPU
		{E8C96284-33E5-40CE-A6FE-D9CBA7E899BE}.Release|Any CPU.Build.0 = Release|Any CPU
		{8C97E3E5-B692-4896-AC45-9E01E877CD87}.Debug|Any CPU.ActiveCfg = Debug|Any CPU
		{8C97E3E5-B692-4896-AC45-9E01E877CD87}.Debug|Any CPU.Build.0 = Debug|Any CPU
		{8C97E3E5-B692-4896-AC45-9E01E877CD87}.Release|Any CPU.ActiveCfg = Release|Any CPU
		{8C97E3E5-B692-4896-AC45-9E01E877CD87}.Release|Any CPU.Build.0 = Release|Any CPU
		{1ACEEDE2-DDE4-46D8-A41C-ED13B9616636}.Debug|Any CPU.ActiveCfg = Debug|Any CPU
		{1ACEEDE2-DDE4-46D8-A41C-ED13B9616636}.Debug|Any CPU.Build.0 = Debug|Any CPU
		{1ACEEDE2-DDE4-46D8-A41C-ED13B9616636}.Release|Any CPU.ActiveCfg = Release|Any CPU
		{1ACEEDE2-DDE4-46D8-A41C-ED13B9616636}.Release|Any CPU.Build.0 = Release|Any CPU
		{AB0DA618-438D-403A-A12E-18895E375B54}.Debug|Any CPU.ActiveCfg = Debug|Any CPU
		{AB0DA618-438D-403A-A12E-18895E375B54}.Debug|Any CPU.Build.0 = Debug|Any CPU
		{AB0DA618-438D-403A-A12E-18895E375B54}.Release|Any CPU.ActiveCfg = Release|Any CPU
		{AB0DA618-438D-403A-A12E-18895E375B54}.Release|Any CPU.Build.0 = Release|Any CPU
		{97F3F00E-B650-481F-A4F6-A8BB419FDEFB}.Debug|Any CPU.ActiveCfg = Debug|Any CPU
		{97F3F00E-B650-481F-A4F6-A8BB419FDEFB}.Debug|Any CPU.Build.0 = Debug|Any CPU
		{97F3F00E-B650-481F-A4F6-A8BB419FDEFB}.Release|Any CPU.ActiveCfg = Release|Any CPU
		{97F3F00E-B650-481F-A4F6-A8BB419FDEFB}.Release|Any CPU.Build.0 = Release|Any CPU
		{EFD330CA-D6F3-4C8A-81DD-F47CCC4DFC6A}.Debug|Any CPU.ActiveCfg = Debug|Any CPU
		{EFD330CA-D6F3-4C8A-81DD-F47CCC4DFC6A}.Debug|Any CPU.Build.0 = Debug|Any CPU
		{EFD330CA-D6F3-4C8A-81DD-F47CCC4DFC6A}.Release|Any CPU.ActiveCfg = Release|Any CPU
		{EFD330CA-D6F3-4C8A-81DD-F47CCC4DFC6A}.Release|Any CPU.Build.0 = Release|Any CPU
		{FF9533C3-9376-444F-A61B-C4A0D78C093D}.Debug|Any CPU.ActiveCfg = Debug|Any CPU
		{FF9533C3-9376-444F-A61B-C4A0D78C093D}.Debug|Any CPU.Build.0 = Debug|Any CPU
		{FF9533C3-9376-444F-A61B-C4A0D78C093D}.Release|Any CPU.ActiveCfg = Release|Any CPU
		{FF9533C3-9376-444F-A61B-C4A0D78C093D}.Release|Any CPU.Build.0 = Release|Any CPU
		{CD0D8839-9BD6-4778-B7A9-4F4E471A1CC3}.Debug|Any CPU.ActiveCfg = Debug|Any CPU
		{CD0D8839-9BD6-4778-B7A9-4F4E471A1CC3}.Debug|Any CPU.Build.0 = Debug|Any CPU
		{CD0D8839-9BD6-4778-B7A9-4F4E471A1CC3}.Release|Any CPU.ActiveCfg = Release|Any CPU
		{CD0D8839-9BD6-4778-B7A9-4F4E471A1CC3}.Release|Any CPU.Build.0 = Release|Any CPU
		{C3E44734-BF97-4178-9A96-FA839939285C}.Debug|Any CPU.ActiveCfg = Debug|Any CPU
		{C3E44734-BF97-4178-9A96-FA839939285C}.Debug|Any CPU.Build.0 = Debug|Any CPU
		{C3E44734-BF97-4178-9A96-FA839939285C}.Release|Any CPU.ActiveCfg = Release|Any CPU
		{C3E44734-BF97-4178-9A96-FA839939285C}.Release|Any CPU.Build.0 = Release|Any CPU
	EndGlobalSection
	GlobalSection(SolutionProperties) = preSolution
		HideSolutionNode = FALSE
	EndGlobalSection
	GlobalSection(NestedProjects) = preSolution
		{03528BB2-032E-486F-BCD0-EA8B69C477DC} = {2C1B7D13-4233-43B2-8045-BF95FE584171}
		{4223B008-AEE8-4F29-9F96-23DF71882D3A} = {7BE62472-ABBA-4DAF-A4A7-8F918E2616E8}
		{67CDCF1A-50DF-469A-A37F-CCB059151EC3} = {7FBF66ED-63A7-4F6E-9EEB-0A4D0D699BBC}
		{FF908604-907C-4987-A459-38F4DAA77D43} = {2C1B7D13-4233-43B2-8045-BF95FE584171}
		{A0F7F1DF-316C-42CC-B036-145F16022C8E} = {7FBF66ED-63A7-4F6E-9EEB-0A4D0D699BBC}
		{32A3CD73-5CE1-4F10-BF56-8C472B3C882D} = {2C1B7D13-4233-43B2-8045-BF95FE584171}
		{898E4B30-9475-43E4-AD53-393C480654FE} = {2C1B7D13-4233-43B2-8045-BF95FE584171}
		{1B85374C-4594-4F42-AFE0-A074D22298B9} = {2FC7C249-BF06-4100-9A53-A13F34ED891A}
		{0C319208-DF3A-4BDF-9662-20985F7D2FE5} = {7FBF66ED-63A7-4F6E-9EEB-0A4D0D699BBC}
		{B834D6C2-EBE2-4292-B449-062A4CB63F02} = {2FC7C249-BF06-4100-9A53-A13F34ED891A}
		{E8C96284-33E5-40CE-A6FE-D9CBA7E899BE} = {912E6247-A929-445B-B563-F14A9AF3E388}
		{8C97E3E5-B692-4896-AC45-9E01E877CD87} = {912E6247-A929-445B-B563-F14A9AF3E388}
		{1ACEEDE2-DDE4-46D8-A41C-ED13B9616636} = {912E6247-A929-445B-B563-F14A9AF3E388}
		{AB0DA618-438D-403A-A12E-18895E375B54} = {912E6247-A929-445B-B563-F14A9AF3E388}
		{97F3F00E-B650-481F-A4F6-A8BB419FDEFB} = {2C1B7D13-4233-43B2-8045-BF95FE584171}
		{EFD330CA-D6F3-4C8A-81DD-F47CCC4DFC6A} = {7FBF66ED-63A7-4F6E-9EEB-0A4D0D699BBC}
		{FF9533C3-9376-444F-A61B-C4A0D78C093D} = {2FC7C249-BF06-4100-9A53-A13F34ED891A}
		{CD0D8839-9BD6-4778-B7A9-4F4E471A1CC3} = {7FBF66ED-63A7-4F6E-9EEB-0A4D0D699BBC}
		{C3E44734-BF97-4178-9A96-FA839939285C} = {7BE62472-ABBA-4DAF-A4A7-8F918E2616E8}
	EndGlobalSection
	GlobalSection(ExtensibilityGlobals) = postSolution
		EnterpriseLibraryConfigurationToolBinariesPathV6 = packages\EnterpriseLibrary.TransientFaultHandling.6.0.1304.0\lib\portable-net45+win+wp8;packages\EnterpriseLibrary.TransientFaultHandling.Data.6.0.1304.1\lib\NET45
	EndGlobalSection
EndGlobal
